// !$*UTF8*$!
{
	archiveVersion = 1;
	classes = {
	};
	objectVersion = 56;
	objects = {

/* Begin PBXBuildFile section */
		6F90969B2920E531008EDF98 /* AppDelegate.swift in Sources */ = {isa = PBXBuildFile; fileRef = 6F90969A2920E531008EDF98 /* AppDelegate.swift */; };
		6F90969D2920E531008EDF98 /* ViewController.swift in Sources */ = {isa = PBXBuildFile; fileRef = 6F90969C2920E531008EDF98 /* ViewController.swift */; };
		6F90969F2920E534008EDF98 /* Assets.xcassets in Resources */ = {isa = PBXBuildFile; fileRef = 6F90969E2920E534008EDF98 /* Assets.xcassets */; };
		6F9096A22920E534008EDF98 /* Main.storyboard in Resources */ = {isa = PBXBuildFile; fileRef = 6F9096A02920E534008EDF98 /* Main.storyboard */; };
		6F9096B92920E611008EDF98 /* AiSSaver.swift in Sources */ = {isa = PBXBuildFile; fileRef = 6F9096B82920E611008EDF98 /* AiSSaver.swift */; };
		6F9096BB2920E754008EDF98 /* WordClockView.swift in Sources */ = {isa = PBXBuildFile; fileRef = 6F9096BA2920E754008EDF98 /* WordClockView.swift */; };
		6F9096BC2920E754008EDF98 /* WordClockView.swift in Sources */ = {isa = PBXBuildFile; fileRef = 6F9096BA2920E754008EDF98 /* WordClockView.swift */; };
		6F9096BE2920E75F008EDF98 /* WordItem.swift in Sources */ = {isa = PBXBuildFile; fileRef = 6F9096BD2920E75F008EDF98 /* WordItem.swift */; };
		6F9096BF2920E75F008EDF98 /* WordItem.swift in Sources */ = {isa = PBXBuildFile; fileRef = 6F9096BD2920E75F008EDF98 /* WordItem.swift */; };
		6F9096C12920E76D008EDF98 /* WordLayoutAttribute.swift in Sources */ = {isa = PBXBuildFile; fileRef = 6F9096C02920E76D008EDF98 /* WordLayoutAttribute.swift */; };
		6F9096C22920E76D008EDF98 /* WordLayoutAttribute.swift in Sources */ = {isa = PBXBuildFile; fileRef = 6F9096C02920E76D008EDF98 /* WordLayoutAttribute.swift */; };
/* End PBXBuildFile section */

/* Begin PBXFileReference section */
		6F9096972920E531008EDF98 /* AiSwiftSaver.app */ = {isa = PBXFileReference; explicitFileType = wrapper.application; includeInIndex = 0; path = AiSwiftSaver.app; sourceTree = BUILT_PRODUCTS_DIR; };
		6F90969A2920E531008EDF98 /* AppDelegate.swift */ = {isa = PBXFileReference; lastKnownFileType = sourcecode.swift; path = AppDelegate.swift; sourceTree = "<group>"; };
		6F90969C2920E531008EDF98 /* ViewController.swift */ = {isa = PBXFileReference; lastKnownFileType = sourcecode.swift; path = ViewController.swift; sourceTree = "<group>"; };
		6F90969E2920E534008EDF98 /* Assets.xcassets */ = {isa = PBXFileReference; lastKnownFileType = folder.assetcatalog; path = Assets.xcassets; sourceTree = "<group>"; };
		6F9096A12920E534008EDF98 /* Base */ = {isa = PBXFileReference; lastKnownFileType = file.storyboard; name = Base; path = Base.lproj/Main.storyboard; sourceTree = "<group>"; };
		6F9096A32920E534008EDF98 /* AiSwiftSaver.entitlements */ = {isa = PBXFileReference; lastKnownFileType = text.plist.entitlements; path = AiSwiftSaver.entitlements; sourceTree = "<group>"; };
		6F9096AE2920E5F3008EDF98 /* AiSSaver.saver */ = {isa = PBXFileReference; explicitFileType = wrapper.cfbundle; includeInIndex = 0; path = AiSSaver.saver; sourceTree = BUILT_PRODUCTS_DIR; };
		6F9096B72920E610008EDF98 /* AiSSaver-Bridging-Header.h */ = {isa = PBXFileReference; lastKnownFileType = sourcecode.c.h; path = "AiSSaver-Bridging-Header.h"; sourceTree = "<group>"; };
		6F9096B82920E611008EDF98 /* AiSSaver.swift */ = {isa = PBXFileReference; lastKnownFileType = sourcecode.swift; path = AiSSaver.swift; sourceTree = "<group>"; };
		6F9096BA2920E754008EDF98 /* WordClockView.swift */ = {isa = PBXFileReference; lastKnownFileType = sourcecode.swift; path = WordClockView.swift; sourceTree = "<group>"; };
		6F9096BD2920E75F008EDF98 /* WordItem.swift */ = {isa = PBXFileReference; lastKnownFileType = sourcecode.swift; path = WordItem.swift; sourceTree = "<group>"; };
		6F9096C02920E76D008EDF98 /* WordLayoutAttribute.swift */ = {isa = PBXFileReference; lastKnownFileType = sourcecode.swift; path = WordLayoutAttribute.swift; sourceTree = "<group>"; };
/* End PBXFileReference section */

/* Begin PBXFrameworksBuildPhase section */
		6F9096942920E531008EDF98 /* Frameworks */ = {
			isa = PBXFrameworksBuildPhase;
			buildActionMask = 2147483647;
			files = (
			);
			runOnlyForDeploymentPostprocessing = 0;
		};
		6F9096AB2920E5F3008EDF98 /* Frameworks */ = {
			isa = PBXFrameworksBuildPhase;
			buildActionMask = 2147483647;
			files = (
			);
			runOnlyForDeploymentPostprocessing = 0;
		};
/* End PBXFrameworksBuildPhase section */

/* Begin PBXGroup section */
		6F90968E2920E531008EDF98 = {
			isa = PBXGroup;
			children = (
				6F9096992920E531008EDF98 /* AiSwiftSaver */,
				6F9096AF2920E5F3008EDF98 /* AiSSaver */,
				6F9096982920E531008EDF98 /* Products */,
			);
			sourceTree = "<group>";
		};
		6F9096982920E531008EDF98 /* Products */ = {
			isa = PBXGroup;
			children = (
				6F9096972920E531008EDF98 /* AiSwiftSaver.app */,
				6F9096AE2920E5F3008EDF98 /* AiSSaver.saver */,
			);
			name = Products;
			sourceTree = "<group>";
		};
		6F9096992920E531008EDF98 /* AiSwiftSaver */ = {
			isa = PBXGroup;
			children = (
				6F90969A2920E531008EDF98 /* AppDelegate.swift */,
				6F90969C2920E531008EDF98 /* ViewController.swift */,
				6F9096BA2920E754008EDF98 /* WordClockView.swift */,
				6F9096BD2920E75F008EDF98 /* WordItem.swift */,
				6F9096C02920E76D008EDF98 /* WordLayoutAttribute.swift */,
				6F90969E2920E534008EDF98 /* Assets.xcassets */,
				6F9096A02920E534008EDF98 /* Main.storyboard */,
				6F9096A32920E534008EDF98 /* AiSwiftSaver.entitlements */,
			);
			path = AiSwiftSaver;
			sourceTree = "<group>";
		};
		6F9096AF2920E5F3008EDF98 /* AiSSaver */ = {
			isa = PBXGroup;
			children = (
				6F9096B82920E611008EDF98 /* AiSSaver.swift */,
				6F9096B72920E610008EDF98 /* AiSSaver-Bridging-Header.h */,
			);
			path = AiSSaver;
			sourceTree = "<group>";
		};
/* End PBXGroup section */

/* Begin PBXHeadersBuildPhase section */
		6F9096A92920E5F3008EDF98 /* Headers */ = {
			isa = PBXHeadersBuildPhase;
			buildActionMask = 2147483647;
			files = (
			);
			runOnlyForDeploymentPostprocessing = 0;
		};
/* End PBXHeadersBuildPhase section */

/* Begin PBXNativeTarget section */
		6F9096962920E531008EDF98 /* AiSwiftSaver */ = {
			isa = PBXNativeTarget;
			buildConfigurationList = 6F9096A62920E534008EDF98 /* Build configuration list for PBXNativeTarget "AiSwiftSaver" */;
			buildPhases = (
				6F9096932920E531008EDF98 /* Sources */,
				6F9096942920E531008EDF98 /* Frameworks */,
				6F9096952920E531008EDF98 /* Resources */,
			);
			buildRules = (
			);
			dependencies = (
			);
			name = AiSwiftSaver;
			productName = AiSwiftSaver;
			productReference = 6F9096972920E531008EDF98 /* AiSwiftSaver.app */;
			productType = "com.apple.product-type.application";
		};
		6F9096AD2920E5F3008EDF98 /* AiSSaver */ = {
			isa = PBXNativeTarget;
			buildConfigurationList = 6F9096B42920E5F3008EDF98 /* Build configuration list for PBXNativeTarget "AiSSaver" */;
			buildPhases = (
				6F9096A92920E5F3008EDF98 /* Headers */,
				6F9096AA2920E5F3008EDF98 /* Sources */,
				6F9096AB2920E5F3008EDF98 /* Frameworks */,
				6F9096AC2920E5F3008EDF98 /* Resources */,
			);
			buildRules = (
			);
			dependencies = (
			);
			name = AiSSaver;
			productName = AiSSaver;
			productReference = 6F9096AE2920E5F3008EDF98 /* AiSSaver.saver */;
			productType = "com.apple.product-type.bundle";
		};
/* End PBXNativeTarget section */

/* Begin PBXProject section */
		6F90968F2920E531008EDF98 /* Project object */ = {
			isa = PBXProject;
			attributes = {
				LastSwiftUpdateCheck = 1410;
				LastUpgradeCheck = 1410;
				TargetAttributes = {
					6F9096962920E531008EDF98 = {
						CreatedOnToolsVersion = 14.1;
					};
					6F9096AD2920E5F3008EDF98 = {
						CreatedOnToolsVersion = 14.1;
						LastSwiftMigration = 1410;
					};
				};
			};
			buildConfigurationList = 6F9096922920E531008EDF98 /* Build configuration list for PBXProject "AiSwiftSaver" */;
			compatibilityVersion = "Xcode 14.0";
			developmentRegion = en;
			hasScannedForEncodings = 0;
			knownRegions = (
				en,
				Base,
			);
			mainGroup = 6F90968E2920E531008EDF98;
			productRefGroup = 6F90968E2920E531008EDF98;
			projectDirPath = "";
			projectRoot = "";
			targets = (
				6F9096962920E531008EDF98 /* AiSwiftSaver */,
				6F9096AD2920E5F3008EDF98 /* AiSSaver */,
			);
		};
/* End PBXProject section */

/* Begin PBXResourcesBuildPhase section */
		6F9096952920E531008EDF98 /* Resources */ = {
			isa = PBXResourcesBuildPhase;
			buildActionMask = 2147483647;
			files = (
				6F90969F2920E534008EDF98 /* Assets.xcassets in Resources */,
				6F9096A22920E534008EDF98 /* Main.storyboard in Resources */,
			);
			runOnlyForDeploymentPostprocessing = 0;
		};
		6F9096AC2920E5F3008EDF98 /* Resources */ = {
			isa = PBXResourcesBuildPhase;
			buildActionMask = 2147483647;
			files = (
			);
			runOnlyForDeploymentPostprocessing = 0;
		};
/* End PBXResourcesBuildPhase section */

/* Begin PBXSourcesBuildPhase section */
		6F9096932920E531008EDF98 /* Sources */ = {
			isa = PBXSourcesBuildPhase;
			buildActionMask = 2147483647;
			files = (
				6F9096BE2920E75F008EDF98 /* WordItem.swift in Sources */,
				6F90969D2920E531008EDF98 /* ViewController.swift in Sources */,
				6F9096C12920E76D008EDF98 /* WordLayoutAttribute.swift in Sources */,
				6F9096BB2920E754008EDF98 /* WordClockView.swift in Sources */,
				6F90969B2920E531008EDF98 /* AppDelegate.swift in Sources */,
			);
			runOnlyForDeploymentPostprocessing = 0;
		};
		6F9096AA2920E5F3008EDF98 /* Sources */ = {
			isa = PBXSourcesBuildPhase;
			buildActionMask = 2147483647;
			files = (
				6F9096B92920E611008EDF98 /* AiSSaver.swift in Sources */,
				6F9096BF2920E75F008EDF98 /* WordItem.swift in Sources */,
				6F9096C22920E76D008EDF98 /* WordLayoutAttribute.swift in Sources */,
				6F9096BC2920E754008EDF98 /* WordClockView.swift in Sources */,
			);
			runOnlyForDeploymentPostprocessing = 0;
		};
/* End PBXSourcesBuildPhase section */

/* Begin PBXVariantGroup section */
		6F9096A02920E534008EDF98 /* Main.storyboard */ = {
			isa = PBXVariantGroup;
			children = (
				6F9096A12920E534008EDF98 /* Base */,
			);
			name = Main.storyboard;
			sourceTree = "<group>";
		};
/* End PBXVariantGroup section */

/* Begin XCBuildConfiguration section */
		6F9096A42920E534008EDF98 /* Debug */ = {
			isa = XCBuildConfiguration;
			buildSettings = {
				ALWAYS_SEARCH_USER_PATHS = NO;
				CLANG_ANALYZER_NONNULL = YES;
				CLANG_ANALYZER_NUMBER_OBJECT_CONVERSION = YES_AGGRESSIVE;
				CLANG_CXX_LANGUAGE_STANDARD = "gnu++20";
				CLANG_ENABLE_MODULES = YES;
				CLANG_ENABLE_OBJC_ARC = YES;
				CLANG_ENABLE_OBJC_WEAK = YES;
				CLANG_WARN_BLOCK_CAPTURE_AUTORELEASING = YES;
				CLANG_WARN_BOOL_CONVERSION = YES;
				CLANG_WARN_COMMA = YES;
				CLANG_WARN_CONSTANT_CONVERSION = YES;
				CLANG_WARN_DEPRECATED_OBJC_IMPLEMENTATIONS = YES;
				CLANG_WARN_DIRECT_OBJC_ISA_USAGE = YES_ERROR;
				CLANG_WARN_DOCUMENTATION_COMMENTS = YES;
				CLANG_WARN_EMPTY_BODY = YES;
				CLANG_WARN_ENUM_CONVERSION = YES;
				CLANG_WARN_INFINITE_RECURSION = YES;
				CLANG_WARN_INT_CONVERSION = YES;
				CLANG_WARN_NON_LITERAL_NULL_CONVERSION = YES;
				CLANG_WARN_OBJC_IMPLICIT_RETAIN_SELF = YES;
				CLANG_WARN_OBJC_LITERAL_CONVERSION = YES;
				CLANG_WARN_OBJC_ROOT_CLASS = YES_ERROR;
				CLANG_WARN_QUOTED_INCLUDE_IN_FRAMEWORK_HEADER = YES;
				CLANG_WARN_RANGE_LOOP_ANALYSIS = YES;
				CLANG_WARN_STRICT_PROTOTYPES = YES;
				CLANG_WARN_SUSPICIOUS_MOVE = YES;
				CLANG_WARN_UNGUARDED_AVAILABILITY = YES_AGGRESSIVE;
				CLANG_WARN_UNREACHABLE_CODE = YES;
				CLANG_WARN__DUPLICATE_METHOD_MATCH = YES;
				COPY_PHASE_STRIP = NO;
				DEBUG_INFORMATION_FORMAT = dwarf;
				ENABLE_STRICT_OBJC_MSGSEND = YES;
				ENABLE_TESTABILITY = YES;
				GCC_C_LANGUAGE_STANDARD = gnu11;
				GCC_DYNAMIC_NO_PIC = NO;
				GCC_NO_COMMON_BLOCKS = YES;
				GCC_OPTIMIZATION_LEVEL = 0;
				GCC_PREPROCESSOR_DEFINITIONS = (
					"DEBUG=1",
					"$(inherited)",
				);
				GCC_WARN_64_TO_32_BIT_CONVERSION = YES;
				GCC_WARN_ABOUT_RETURN_TYPE = YES_ERROR;
				GCC_WARN_UNDECLARED_SELECTOR = YES;
				GCC_WARN_UNINITIALIZED_AUTOS = YES_AGGRESSIVE;
				GCC_WARN_UNUSED_FUNCTION = YES;
				GCC_WARN_UNUSED_VARIABLE = YES;
				MACOSX_DEPLOYMENT_TARGET = 11.0;
				MTL_ENABLE_DEBUG_INFO = INCLUDE_SOURCE;
				MTL_FAST_MATH = YES;
				ONLY_ACTIVE_ARCH = YES;
				SDKROOT = macosx;
				SWIFT_ACTIVE_COMPILATION_CONDITIONS = DEBUG;
				SWIFT_OPTIMIZATION_LEVEL = "-Onone";
			};
			name = Debug;
		};
		6F9096A52920E534008EDF98 /* Release */ = {
			isa = XCBuildConfiguration;
			buildSettings = {
				ALWAYS_SEARCH_USER_PATHS = NO;
				CLANG_ANALYZER_NONNULL = YES;
				CLANG_ANALYZER_NUMBER_OBJECT_CONVERSION = YES_AGGRESSIVE;
				CLANG_CXX_LANGUAGE_STANDARD = "gnu++20";
				CLANG_ENABLE_MODULES = YES;
				CLANG_ENABLE_OBJC_ARC = YES;
				CLANG_ENABLE_OBJC_WEAK = YES;
				CLANG_WARN_BLOCK_CAPTURE_AUTORELEASING = YES;
				CLANG_WARN_BOOL_CONVERSION = YES;
				CLANG_WARN_COMMA = YES;
				CLANG_WARN_CONSTANT_CONVERSION = YES;
				CLANG_WARN_DEPRECATED_OBJC_IMPLEMENTATIONS = YES;
				CLANG_WARN_DIRECT_OBJC_ISA_USAGE = YES_ERROR;
				CLANG_WARN_DOCUMENTATION_COMMENTS = YES;
				CLANG_WARN_EMPTY_BODY = YES;
				CLANG_WARN_ENUM_CONVERSION = YES;
				CLANG_WARN_INFINITE_RECURSION = YES;
				CLANG_WARN_INT_CONVERSION = YES;
				CLANG_WARN_NON_LITERAL_NULL_CONVERSION = YES;
				CLANG_WARN_OBJC_IMPLICIT_RETAIN_SELF = YES;
				CLANG_WARN_OBJC_LITERAL_CONVERSION = YES;
				CLANG_WARN_OBJC_ROOT_CLASS = YES_ERROR;
				CLANG_WARN_QUOTED_INCLUDE_IN_FRAMEWORK_HEADER = YES;
				CLANG_WARN_RANGE_LOOP_ANALYSIS = YES;
				CLANG_WARN_STRICT_PROTOTYPES = YES;
				CLANG_WARN_SUSPICIOUS_MOVE = YES;
				CLANG_WARN_UNGUARDED_AVAILABILITY = YES_AGGRESSIVE;
				CLANG_WARN_UNREACHABLE_CODE = YES;
				CLANG_WARN__DUPLICATE_METHOD_MATCH = YES;
				COPY_PHASE_STRIP = NO;
				DEBUG_INFORMATION_FORMAT = "dwarf-with-dsym";
				ENABLE_NS_ASSERTIONS = NO;
				ENABLE_STRICT_OBJC_MSGSEND = YES;
				GCC_C_LANGUAGE_STANDARD = gnu11;
				GCC_NO_COMMON_BLOCKS = YES;
				GCC_WARN_64_TO_32_BIT_CONVERSION = YES;
				GCC_WARN_ABOUT_RETURN_TYPE = YES_ERROR;
				GCC_WARN_UNDECLARED_SELECTOR = YES;
				GCC_WARN_UNINITIALIZED_AUTOS = YES_AGGRESSIVE;
				GCC_WARN_UNUSED_FUNCTION = YES;
				GCC_WARN_UNUSED_VARIABLE = YES;
				MACOSX_DEPLOYMENT_TARGET = 11.0;
				MTL_ENABLE_DEBUG_INFO = NO;
				MTL_FAST_MATH = YES;
				SDKROOT = macosx;
				SWIFT_COMPILATION_MODE = wholemodule;
				SWIFT_OPTIMIZATION_LEVEL = "-O";
			};
			name = Release;
		};
		6F9096A72920E534008EDF98 /* Debug */ = {
			isa = XCBuildConfiguration;
			buildSettings = {
				ASSETCATALOG_COMPILER_APPICON_NAME = AppIcon;
				ASSETCATALOG_COMPILER_GLOBAL_ACCENT_COLOR_NAME = AccentColor;
				CODE_SIGN_ENTITLEMENTS = AiSwiftSaver/AiSwiftSaver.entitlements;
				CODE_SIGN_STYLE = Automatic;
				COMBINE_HIDPI_IMAGES = YES;
				CURRENT_PROJECT_VERSION = 1;
				DEVELOPMENT_TEAM = 9RRACW7KVB;
				ENABLE_HARDENED_RUNTIME = YES;
				GENERATE_INFOPLIST_FILE = YES;
				INFOPLIST_KEY_NSHumanReadableCopyright = "";
				INFOPLIST_KEY_NSMainStoryboardFile = Main;
				INFOPLIST_KEY_NSPrincipalClass = NSApplication;
				LD_RUNPATH_SEARCH_PATHS = (
					"$(inherited)",
					"@executable_path/../Frameworks",
				);
				MARKETING_VERSION = 1.0;
				PRODUCT_BUNDLE_IDENTIFIER = com.aoisc.locksScreen.AiSwiftSaver;
				PRODUCT_NAME = "$(TARGET_NAME)";
				SWIFT_EMIT_LOC_STRINGS = YES;
				SWIFT_VERSION = 5.0;
			};
			name = Debug;
		};
		6F9096A82920E534008EDF98 /* Release */ = {
			isa = XCBuildConfiguration;
			buildSettings = {
				ASSETCATALOG_COMPILER_APPICON_NAME = AppIcon;
				ASSETCATALOG_COMPILER_GLOBAL_ACCENT_COLOR_NAME = AccentColor;
				CODE_SIGN_ENTITLEMENTS = AiSwiftSaver/AiSwiftSaver.entitlements;
				CODE_SIGN_STYLE = Automatic;
				COMBINE_HIDPI_IMAGES = YES;
				CURRENT_PROJECT_VERSION = 1;
				DEVELOPMENT_TEAM = 9RRACW7KVB;
				ENABLE_HARDENED_RUNTIME = YES;
				GENERATE_INFOPLIST_FILE = YES;
				INFOPLIST_KEY_NSHumanReadableCopyright = "";
				INFOPLIST_KEY_NSMainStoryboardFile = Main;
				INFOPLIST_KEY_NSPrincipalClass = NSApplication;
				LD_RUNPATH_SEARCH_PATHS = (
					"$(inherited)",
					"@executable_path/../Frameworks",
				);
				MARKETING_VERSION = 1.0;
				PRODUCT_BUNDLE_IDENTIFIER = com.aoisc.locksScreen.AiSwiftSaver;
				PRODUCT_NAME = "$(TARGET_NAME)";
				SWIFT_EMIT_LOC_STRINGS = YES;
				SWIFT_VERSION = 5.0;
			};
			name = Release;
		};
		6F9096B52920E5F3008EDF98 /* Debug */ = {
			isa = XCBuildConfiguration;
			buildSettings = {
				CLANG_ENABLE_MODULES = YES;
				CODE_SIGN_STYLE = Automatic;
				COMBINE_HIDPI_IMAGES = YES;
				CURRENT_PROJECT_VERSION = 1;
				DEVELOPMENT_TEAM = 9RRACW7KVB;
				GENERATE_INFOPLIST_FILE = YES;
				INFOPLIST_KEY_NSHumanReadableCopyright = "";
				INFOPLIST_KEY_NSPrincipalClass = AiSSaverView;
				INSTALL_PATH = "$(HOME)/Library/Screen Savers";
				LD_RUNPATH_SEARCH_PATHS = (
					"$(inherited)",
					"@executable_path/../Frameworks",
					"@loader_path/../Frameworks",
				);
				MARKETING_VERSION = 1.0;
				PRODUCT_BUNDLE_IDENTIFIER = com.aoisc.locksScreen.AiSSaver;
				PRODUCT_NAME = "$(TARGET_NAME)";
				SWIFT_EMIT_LOC_STRINGS = YES;
				SWIFT_OBJC_BRIDGING_HEADER = "AiSSaver/AiSSaver-Bridging-Header.h";
				SWIFT_OPTIMIZATION_LEVEL = "-Onone";
				SWIFT_VERSION = 5.0;
				WRAPPER_EXTENSION = saver;
			};
			name = Debug;
		};
		6F9096B62920E5F3008EDF98 /* Release */ = {
			isa = XCBuildConfiguration;
			buildSettings = {
				CLANG_ENABLE_MODULES = YES;
				CODE_SIGN_STYLE = Automatic;
				COMBINE_HIDPI_IMAGES = YES;
				CURRENT_PROJECT_VERSION = 1;
				DEVELOPMENT_TEAM = 9RRACW7KVB;
				GENERATE_INFOPLIST_FILE = YES;
				INFOPLIST_KEY_NSHumanReadableCopyright = "";
				INFOPLIST_KEY_NSPrincipalClass = AiSSaverView;
				INSTALL_PATH = "$(HOME)/Library/Screen Savers";
				LD_RUNPATH_SEARCH_PATHS = (
					"$(inherited)",
					"@executable_path/../Frameworks",
					"@loader_path/../Frameworks",
				);
				MARKETING_VERSION = 1.0;
				PRODUCT_BUNDLE_IDENTIFIER = com.aoisc.locksScreen.AiSSaver;
				PRODUCT_NAME = "$(TARGET_NAME)";
				SWIFT_EMIT_LOC_STRINGS = YES;
				SWIFT_OBJC_BRIDGING_HEADER = "AiSSaver/AiSSaver-Bridging-Header.h";
				SWIFT_VERSION = 5.0;
				WRAPPER_EXTENSION = saver;
			};
			name = Release;
		};
/* End XCBuildConfiguration section */

/* Begin XCConfigurationList section */
		6F9096922920E531008EDF98 /* Build configuration list for PBXProject "AiSwiftSaver" */ = {
			isa = XCConfigurationList;
			buildConfigurations = (
				6F9096A42920E534008EDF98 /* Debug */,
				6F9096A52920E534008EDF98 /* Release */,
			);
			defaultConfigurationIsVisible = 0;
			defaultConfigurationName = Release;
		};
		6F9096A62920E534008EDF98 /* Build configuration list for PBXNativeTarget "AiSwiftSaver" */ = {
			isa = XCConfigurationList;
			buildConfigurations = (
				6F9096A72920E534008EDF98 /* Debug */,
				6F9096A82920E534008EDF98 /* Release */,
			);
			defaultConfigurationIsVisible = 0;
			defaultConfigurationName = Release;
		};
		6F9096B42920E5F3008EDF98 /* Build configuration list for PBXNativeTarget "AiSSaver" */ = {
			isa = XCConfigurationList;
			buildConfigurations = (
				6F9096B52920E5F3008EDF98 /* Debug */,
				6F9096B62920E5F3008EDF98 /* Release */,
			);
			defaultConfigurationIsVisible = 0;
			defaultConfigurationName = Release;
		};
/* End XCConfigurationList section */
	};
	rootObject = 6F90968F2920E531008EDF98 /* Project object */;
}
